
Microsoft Visual Studio Solution File, Format Version 12.00
# Visual Studio Version 17
VisualStudioVersion = 17.9.34622.214
MinimumVisualStudioVersion = 10.0.40219.1
Project("{FAE04EC0-301F-11D3-BF4B-00C04F79EFBC}") = "VotingSystem", "VotingSystem\VotingSystem.csproj", "{DB01AE52-6E67-4D75-BB44-4A1C1F1C2E72}"
EndProject
Global
	GlobalSection(SolutionConfigurationPlatforms) = preSolution
		Debug|Any CPU = Debug|Any CPU
		Release|Any CPU = Release|Any CPU
	EndGlobalSection
	GlobalSection(ProjectConfigurationPlatforms) = postSolution
		{DB01AE52-6E67-4D75-BB44-4A1C1F1C2E72}.Debug|Any CPU.ActiveCfg = Debug|Any CPU
		{DB01AE52-6E67-4D75-BB44-4A1C1F1C2E72}.Debug|Any CPU.Build.0 = Debug|Any CPU
		{DB01AE52-6E67-4D75-BB44-4A1C1F1C2E72}.Release|Any CPU.ActiveCfg = Release|Any CPU
		{DB01AE52-6E67-4D75-BB44-4A1C1F1C2E72}.Release|Any CPU.Build.0 = Release|Any CPU
	EndGlobalSection
	GlobalSection(SolutionProperties) = preSolution
		HideSolutionNode = FALSE
	EndGlobalSection
	GlobalSection(ExtensibilityGlobals) = postSolution
		SolutionGuid = {B4930E9F-E652-43AF-BF12-F72FA8DA231E}
	EndGlobalSection
EndGlobal
